
Microsoft Visual Studio Solution File, Format Version 12.00
# Visual Studio Version 17
VisualStudioVersion = 17.7.34024.191
MinimumVisualStudioVersion = 10.0.40219.1
Project("{9A19103F-16F7-4668-BE54-9A1E7A4F7556}") = "Exider-Version-2.0.0", "Exider-Version-2.0.0\Exider-Version-2.0.0.csproj", "{906DEEF1-B5C6-4F11-827C-2A7679287E55}"
EndProject
Project("{9A19103F-16F7-4668-BE54-9A1E7A4F7556}") = "Tests", "Tests\Tests.csproj", "{D63F63E7-EE7E-4D41-872E-547F38FE3725}"
EndProject
Project("{FAE04EC0-301F-11D3-BF4B-00C04F79EFBC}") = "EmailService", "EmailService\EmailService.csproj", "{552A9A52-C8E4-4D47-B58F-6761456171AA}"
EndProject
Global
	GlobalSection(SolutionConfigurationPlatforms) = preSolution
		Debug|Any CPU = Debug|Any CPU
		Release|Any CPU = Release|Any CPU
	EndGlobalSection
	GlobalSection(ProjectConfigurationPlatforms) = postSolution
		{906DEEF1-B5C6-4F11-827C-2A7679287E55}.Debug|Any CPU.ActiveCfg = Debug|Any CPU
		{906DEEF1-B5C6-4F11-827C-2A7679287E55}.Debug|Any CPU.Build.0 = Debug|Any CPU
		{906DEEF1-B5C6-4F11-827C-2A7679287E55}.Release|Any CPU.ActiveCfg = Release|Any CPU
		{906DEEF1-B5C6-4F11-827C-2A7679287E55}.Release|Any CPU.Build.0 = Release|Any CPU
		{D63F63E7-EE7E-4D41-872E-547F38FE3725}.Debug|Any CPU.ActiveCfg = Debug|Any CPU
		{D63F63E7-EE7E-4D41-872E-547F38FE3725}.Debug|Any CPU.Build.0 = Debug|Any CPU
		{D63F63E7-EE7E-4D41-872E-547F38FE3725}.Release|Any CPU.ActiveCfg = Release|Any CPU
		{D63F63E7-EE7E-4D41-872E-547F38FE3725}.Release|Any CPU.Build.0 = Release|Any CPU
		{552A9A52-C8E4-4D47-B58F-6761456171AA}.Debug|Any CPU.ActiveCfg = Debug|Any CPU
		{552A9A52-C8E4-4D47-B58F-6761456171AA}.Debug|Any CPU.Build.0 = Debug|Any CPU
		{552A9A52-C8E4-4D47-B58F-6761456171AA}.Release|Any CPU.ActiveCfg = Release|Any CPU
		{552A9A52-C8E4-4D47-B58F-6761456171AA}.Release|Any CPU.Build.0 = Release|Any CPU
	EndGlobalSection
	GlobalSection(SolutionProperties) = preSolution
		HideSolutionNode = FALSE
	EndGlobalSection
	GlobalSection(ExtensibilityGlobals) = postSolution
		SolutionGuid = {D17A3A78-C9D1-4557-A598-7B3C7DE2B1FB}
	EndGlobalSection
EndGlobal
